
Microsoft Visual Studio Solution File, Format Version 12.00
# Visual Studio 15
Project("{FAE04EC0-301F-11D3-BF4B-00C04F79EFBC}") = "Assembly-CSharp", "Assembly-CSharp.csproj", "{94710DAA-AB3A-5D81-5025-FA367B9C78DA}"
EndProject
Project("{FAE04EC0-301F-11D3-BF4B-00C04F79EFBC}") = "Assembly-CSharp-Editor", "Assembly-CSharp-Editor.csproj", "{9E4C49C0-D506-4689-4C5A-5622F7C38EBA}"
EndProject
Global
	GlobalSection(SolutionConfigurationPlatforms) = preSolution
		Debug|Any CPU = Debug|Any CPU
		Release|Any CPU = Release|Any CPU
	EndGlobalSection
	GlobalSection(ProjectConfigurationPlatforms) = postSolution
		{94710DAA-AB3A-5D81-5025-FA367B9C78DA}.Debug|Any CPU.ActiveCfg = Debug|Any CPU
		{94710DAA-AB3A-5D81-5025-FA367B9C78DA}.Debug|Any CPU.Build.0 = Debug|Any CPU
		{94710DAA-AB3A-5D81-5025-FA367B9C78DA}.Release|Any CPU.ActiveCfg = Release|Any CPU
		{94710DAA-AB3A-5D81-5025-FA367B9C78DA}.Release|Any CPU.Build.0 = Release|Any CPU
		{9E4C49C0-D506-4689-4C5A-5622F7C38EBA}.Debug|Any CPU.ActiveCfg = Debug|Any CPU
		{9E4C49C0-D506-4689-4C5A-5622F7C38EBA}.Debug|Any CPU.Build.0 = Debug|Any CPU
		{9E4C49C0-D506-4689-4C5A-5622F7C38EBA}.Release|Any CPU.ActiveCfg = Release|Any CPU
		{9E4C49C0-D506-4689-4C5A-5622F7C38EBA}.Release|Any CPU.Build.0 = Release|Any CPU
	EndGlobalSection
	GlobalSection(SolutionProperties) = preSolution
		HideSolutionNode = FALSE
	EndGlobalSection
EndGlobal
